
Microsoft Visual Studio Solution File, Format Version 12.00
# Visual Studio Version 17
VisualStudioVersion = 17.1.32328.378
MinimumVisualStudioVersion = 10.0.40219.1
Project("{FAE04EC0-301F-11D3-BF4B-00C04F79EFBC}") = "cat_flag.txt", "cat_flag.txt\cat_flag.txt.csproj", "{8AF1621B-DA75-483A-B91A-78EAFA898AAB}"
EndProject
Global
	GlobalSection(SolutionConfigurationPlatforms) = preSolution
		Debug|Any CPU = Debug|Any CPU
		Release|Any CPU = Release|Any CPU
	EndGlobalSection
	GlobalSection(ProjectConfigurationPlatforms) = postSolution
		{8AF1621B-DA75-483A-B91A-78EAFA898AAB}.Debug|Any CPU.ActiveCfg = Debug|Any CPU
		{8AF1621B-DA75-483A-B91A-78EAFA898AAB}.Debug|Any CPU.Build.0 = Debug|Any CPU
		{8AF1621B-DA75-483A-B91A-78EAFA898AAB}.Release|Any CPU.ActiveCfg = Release|Any CPU
		{8AF1621B-DA75-483A-B91A-78EAFA898AAB}.Release|Any CPU.Build.0 = Release|Any CPU
	EndGlobalSection
	GlobalSection(SolutionProperties) = preSolution
		HideSolutionNode = FALSE
	EndGlobalSection
	GlobalSection(ExtensibilityGlobals) = postSolution
		SolutionGuid = {C27E6BDE-FB6D-4809-B2A2-A91AA542414D}
	EndGlobalSection
EndGlobal
